
Microsoft Visual Studio Solution File, Format Version 12.00
Project("{2150E333-8FDC-42A3-9474-1A3956D46DE8}") = "src", "src", "{282C2B25-8C70-4C4D-A9DA-88D686D2EAEB}"
EndProject
Project("{2150E333-8FDC-42A3-9474-1A3956D46DE8}") = "tests", "tests", "{3B1A4D97-1C6C-48D2-B073-AB74C35893D7}"
EndProject
Project("{FAE04EC0-301F-11D3-BF4B-00C04F79EFBC}") = "Api", "src\Api\Api.csproj", "{3BD28DA7-57B4-4214-B542-21EFAAC95382}"
EndProject
Project("{FAE04EC0-301F-11D3-BF4B-00C04F79EFBC}") = "Application", "src\Application\Application.csproj", "{87013073-F9E8-452E-8BDA-E4011092F495}"
EndProject
Project("{FAE04EC0-301F-11D3-BF4B-00C04F79EFBC}") = "Domain", "src\Domain\Domain.csproj", "{0277E514-7EA2-4875-8D1D-6B6111069BAA}"
EndProject
Project("{FAE04EC0-301F-11D3-BF4B-00C04F79EFBC}") = "Infrastructure", "src\Infrastructure\Infrastructure.csproj", "{352BA42B-B57E-420D-832F-8079FE768B67}"
EndProject
Project("{FAE04EC0-301F-11D3-BF4B-00C04F79EFBC}") = "SharedUtilities", "..\..\Common\SharedUtilities\SharedUtilities\SharedUtilities.csproj", "{7166C009-0321-4EC4-927B-BC8BAE953585}"
EndProject
Project("{FAE04EC0-301F-11D3-BF4B-00C04F79EFBC}") = "SharedEvents", "..\..\Common\SharedUtilities\SharedEvents\SharedEvents.csproj", "{641659EE-F75F-4906-82C3-D48FC6915673}"
EndProject
Global
	GlobalSection(SolutionConfigurationPlatforms) = preSolution
		Debug|Any CPU = Debug|Any CPU
		Release|Any CPU = Release|Any CPU
	EndGlobalSection
	GlobalSection(ProjectConfigurationPlatforms) = postSolution
		{3BD28DA7-57B4-4214-B542-21EFAAC95382}.Debug|Any CPU.ActiveCfg = Debug|Any CPU
		{3BD28DA7-57B4-4214-B542-21EFAAC95382}.Debug|Any CPU.Build.0 = Debug|Any CPU
		{3BD28DA7-57B4-4214-B542-21EFAAC95382}.Release|Any CPU.ActiveCfg = Release|Any CPU
		{3BD28DA7-57B4-4214-B542-21EFAAC95382}.Release|Any CPU.Build.0 = Release|Any CPU
		{87013073-F9E8-452E-8BDA-E4011092F495}.Debug|Any CPU.ActiveCfg = Debug|Any CPU
		{87013073-F9E8-452E-8BDA-E4011092F495}.Debug|Any CPU.Build.0 = Debug|Any CPU
		{87013073-F9E8-452E-8BDA-E4011092F495}.Release|Any CPU.ActiveCfg = Release|Any CPU
		{87013073-F9E8-452E-8BDA-E4011092F495}.Release|Any CPU.Build.0 = Release|Any CPU
		{0277E514-7EA2-4875-8D1D-6B6111069BAA}.Debug|Any CPU.ActiveCfg = Debug|Any CPU
		{0277E514-7EA2-4875-8D1D-6B6111069BAA}.Debug|Any CPU.Build.0 = Debug|Any CPU
		{0277E514-7EA2-4875-8D1D-6B6111069BAA}.Release|Any CPU.ActiveCfg = Release|Any CPU
		{0277E514-7EA2-4875-8D1D-6B6111069BAA}.Release|Any CPU.Build.0 = Release|Any CPU
		{352BA42B-B57E-420D-832F-8079FE768B67}.Debug|Any CPU.ActiveCfg = Debug|Any CPU
		{352BA42B-B57E-420D-832F-8079FE768B67}.Debug|Any CPU.Build.0 = Debug|Any CPU
		{352BA42B-B57E-420D-832F-8079FE768B67}.Release|Any CPU.ActiveCfg = Release|Any CPU
		{352BA42B-B57E-420D-832F-8079FE768B67}.Release|Any CPU.Build.0 = Release|Any CPU
		{7166C009-0321-4EC4-927B-BC8BAE953585}.Debug|Any CPU.ActiveCfg = Debug|Any CPU
		{7166C009-0321-4EC4-927B-BC8BAE953585}.Debug|Any CPU.Build.0 = Debug|Any CPU
		{7166C009-0321-4EC4-927B-BC8BAE953585}.Release|Any CPU.ActiveCfg = Release|Any CPU
		{7166C009-0321-4EC4-927B-BC8BAE953585}.Release|Any CPU.Build.0 = Release|Any CPU
		{641659EE-F75F-4906-82C3-D48FC6915673}.Debug|Any CPU.ActiveCfg = Debug|Any CPU
		{641659EE-F75F-4906-82C3-D48FC6915673}.Debug|Any CPU.Build.0 = Debug|Any CPU
		{641659EE-F75F-4906-82C3-D48FC6915673}.Release|Any CPU.ActiveCfg = Release|Any CPU
		{641659EE-F75F-4906-82C3-D48FC6915673}.Release|Any CPU.Build.0 = Release|Any CPU
	EndGlobalSection
	GlobalSection(NestedProjects) = preSolution
		{3BD28DA7-57B4-4214-B542-21EFAAC95382} = {282C2B25-8C70-4C4D-A9DA-88D686D2EAEB}
		{87013073-F9E8-452E-8BDA-E4011092F495} = {282C2B25-8C70-4C4D-A9DA-88D686D2EAEB}
		{0277E514-7EA2-4875-8D1D-6B6111069BAA} = {282C2B25-8C70-4C4D-A9DA-88D686D2EAEB}
		{352BA42B-B57E-420D-832F-8079FE768B67} = {282C2B25-8C70-4C4D-A9DA-88D686D2EAEB}
	EndGlobalSection
EndGlobal
